
Microsoft Visual Studio Solution File, Format Version 12.00
Project("{FAE04EC0-301F-11D3-BF4B-00C04F79EFBC}") = "RateCalculationEngine", "RateCalculationEngine\RateCalculationEngine.csproj", "{7690118A-1347-45D2-8EE7-0D33B25A9B82}"
EndProject
Project("{FAE04EC0-301F-11D3-BF4B-00C04F79EFBC}") = "RateCalculationEngine.Test", "RateCalculationEngine.Test\RateCalculationEngine.Test.csproj", "{B5B200CD-11C0-4CE9-9B10-49DE877E595E}"
EndProject
Project("{2150E333-8FDC-42A3-9474-1A3956D46DE8}") = "Solution Items", "Solution Items", "{02396649-2442-4B46-9243-FC40FD17654B}"
ProjectSection(SolutionItems) = preProject
	README.md = README.md
EndProjectSection
EndProject
Global
	GlobalSection(SolutionConfigurationPlatforms) = preSolution
		Debug|Any CPU = Debug|Any CPU
		Release|Any CPU = Release|Any CPU
	EndGlobalSection
	GlobalSection(ProjectConfigurationPlatforms) = postSolution
		{7690118A-1347-45D2-8EE7-0D33B25A9B82}.Debug|Any CPU.ActiveCfg = Debug|Any CPU
		{7690118A-1347-45D2-8EE7-0D33B25A9B82}.Debug|Any CPU.Build.0 = Debug|Any CPU
		{7690118A-1347-45D2-8EE7-0D33B25A9B82}.Release|Any CPU.ActiveCfg = Release|Any CPU
		{7690118A-1347-45D2-8EE7-0D33B25A9B82}.Release|Any CPU.Build.0 = Release|Any CPU
		{B5B200CD-11C0-4CE9-9B10-49DE877E595E}.Debug|Any CPU.ActiveCfg = Debug|Any CPU
		{B5B200CD-11C0-4CE9-9B10-49DE877E595E}.Debug|Any CPU.Build.0 = Debug|Any CPU
		{B5B200CD-11C0-4CE9-9B10-49DE877E595E}.Release|Any CPU.ActiveCfg = Release|Any CPU
		{B5B200CD-11C0-4CE9-9B10-49DE877E595E}.Release|Any CPU.Build.0 = Release|Any CPU
	EndGlobalSection
EndGlobal
